lockfileVersion: 5.4

specifiers:
  '@ant-design/icons': ^4.7.0
  '@babel/runtime-corejs3': ^7.18.3
  '@seedltw/eslint-config-seed': ^0.1.1
  '@types/react': ^18.0.10
  '@types/react-dom': ^18.0.5
  antd: ^4.21.0
  react: ^18.1.0
  react-dom: ^18.1.0
  react-router-dom: ^6.3.0

dependencies:
  '@ant-design/icons': 4.7.0_ef5jwxihqo6n7gxfmzogljlgcm
  '@babel/runtime-corejs3': 7.18.3
  antd: 4.21.0_ef5jwxihqo6n7gxfmzogljlgcm
  react: 18.1.0
  react-dom: 18.1.0_react@18.1.0
  react-router-dom: 6.3.0_ef5jwxihqo6n7gxfmzogljlgcm

devDependencies:
  '@seedltw/eslint-config-seed': 0.1.1
  '@types/react': 18.0.10
  '@types/react-dom': 18.0.5

packages:

  /@ant-design/colors/6.0.0:
    resolution: {integrity: sha1-m5NmJXz/zEfbQrnQIDu1ksE8Apg=}
    dependencies:
      '@ctrl/tinycolor': 3.4.1
    dev: false

  /@ant-design/icons-svg/4.2.1:
    resolution: {integrity: sha1-hjDajrRHGkqr2u19H/apfcss8Fo=}
    dev: false

  /@ant-design/icons/4.7.0_ef5jwxihqo6n7gxfmzogljlgcm:
    resolution: {integrity: sha1-jDy+ClVrqSr13H0ecMCyW1F5rw8=}
    engines: {node: '>=8'}
    peerDependencies:
      react: '>=16.0.0'
      react-dom: '>=16.0.0'
    dependencies:
      '@ant-design/colors': 6.0.0
      '@ant-design/icons-svg': 4.2.1
      '@babel/runtime': 7.18.3
      classnames: 2.3.1
      rc-util: 5.21.5_ef5jwxihqo6n7gxfmzogljlgcm
      react: 18.1.0
      react-dom: 18.1.0_react@18.1.0
    dev: false

  /@ant-design/react-slick/0.28.4_react@18.1.0:
    resolution: {integrity: sha512-j9eAHTn7GxbXUFNknJoHS2ceAsqrQi2j8XykjZE1IXCD8kJF+t28EvhBLniDpbOsBk/3kjalnhriTfZcjBHNqg==}
    peerDependencies:
      react: '>=16.9.0'
    dependencies:
      '@babel/runtime': 7.18.3
      classnames: 2.3.1
      json2mq: 0.2.0
      lodash: 4.17.21
      react: 18.1.0
      resize-observer-polyfill: 1.5.1
    dev: false

  /@babel/runtime-corejs3/7.18.3:
    resolution: {integrity: sha512-l4ddFwrc9rnR+EJsHsh+TJ4A35YqQz/UqcjtlX2ov53hlJYG5CxtQmNZxyajwDVmCxwy++rtvGU5HazCK4W41Q==}
    engines: {node: '>=6.9.0'}
    dependencies:
      core-js-pure: 3.23.1
      regenerator-runtime: 0.13.9
    dev: false

  /@babel/runtime/7.18.3:
    resolution: {integrity: sha512-38Y8f7YUhce/K7RMwTp7m0uCumpv9hZkitCbBClqQIow1qSbCvGkcegKOXpEWCQLfWmevgRiWokZ1GkpfhbZug==}
    engines: {node: '>=6.9.0'}
    dependencies:
      regenerator-runtime: 0.13.9
    dev: false

  /@ctrl/tinycolor/3.4.1:
    resolution: {integrity: sha512-ej5oVy6lykXsvieQtqZxCOaLT+xD4+QNarq78cIYISHmZXshCvROLudpQN3lfL8G0NL7plMSSK+zlyvCaIJ4Iw==}
    engines: {node: '>=10'}
    dev: false

  /@seedltw/eslint-config-seed/0.1.1:
    resolution: {integrity: sha512-tVNnYKbcL+qOSfl1f0oEixanuRdJOT9b3qBZhYwHvcCsNdz+dlF89/UCBeeA+vis2PcoWrb7MlW5SWjedu8yVg==}
    dev: true

  /@types/prop-types/15.7.5:
    resolution: {integrity: sha512-JCB8C6SnDoQf0cNycqd/35A7MjcnK+ZTqE7judS6o7utxUCg6imJg3QK2qzHKszlTjcj2cn+NwMB2i96ubpj7w==}
    dev: true

  /@types/react-dom/18.0.5:
    resolution: {integrity: sha512-OWPWTUrY/NIrjsAPkAk1wW9LZeIjSvkXRhclsFO8CZcZGCOg2G0YZy4ft+rOyYxy8B7ui5iZzi9OkDebZ7/QSA==}
    dependencies:
      '@types/react': 18.0.10
    dev: true

  /@types/react/18.0.10:
    resolution: {integrity: sha512-dIugadZuIPrRzvIEevIu7A1smqOAjkSMv8qOfwPt9Ve6i6JT/FQcCHyk2qIAxwsQNKZt5/oGR0T4z9h2dXRAkg==}
    dependencies:
      '@types/prop-types': 15.7.5
      '@types/scheduler': 0.16.2
      csstype: 3.1.0
    dev: true

  /@types/scheduler/0.16.2:
    resolution: {integrity: sha1-GmL4lSVyPd4kuhsBsJK/XfitTTk=}
    dev: true

  /antd/4.21.0_ef5jwxihqo6n7gxfmzogljlgcm:
    resolution: {integrity: sha512-p8R5scejlWjAIF/NoJ5JF5OMjLbAlCA7u85cNwbtRQOP+14KQDXZyHMT4C5oc9nhz7xxD/Bry6HhPkUmsRuP7Q==}
    peerDependencies:
      react: '>=16.9.0'
      react-dom: '>=16.9.0'
    dependencies:
      '@ant-design/colors': 6.0.0
      '@ant-design/icons': 4.7.0_ef5jwxihqo6n7gxfmzogljlgcm
      '@ant-design/react-slick': 0.28.4_react@18.1.0
      '@babel/runtime': 7.18.3
      '@ctrl/tinycolor': 3.4.1
      classnames: 2.3.1
      copy-to-clipboard: 3.3.1
      lodash: 4.17.21
      memoize-one: 6.0.0
      moment: 2.29.3
      rc-cascader: 3.6.0_ef5jwxihqo6n7gxfmzogljlgcm
      rc-checkbox: 2.3.2_ef5jwxihqo6n7gxfmzogljlgcm
      rc-collapse: 3.3.0_ef5jwxihqo6n7gxfmzogljlgcm
      rc-dialog: 8.8.2_ef5jwxihqo6n7gxfmzogljlgcm
      rc-drawer: 4.4.3_ef5jwxihqo6n7gxfmzogljlgcm
      rc-dropdown: 4.0.1_ef5jwxihqo6n7gxfmzogljlgcm
      rc-field-form: 1.26.7_ef5jwxihqo6n7gxfmzogljlgcm
      rc-image: 5.6.2_ef5jwxihqo6n7gxfmzogljlgcm
      rc-input: 0.0.1-alpha.7_ef5jwxihqo6n7gxfmzogljlgcm
      rc-input-number: 7.3.4_ef5jwxihqo6n7gxfmzogljlgcm
      rc-mentions: 1.8.0_ef5jwxihqo6n7gxfmzogljlgcm
      rc-menu: 9.6.0_ef5jwxihqo6n7gxfmzogljlgcm
      rc-motion: 2.6.0_ef5jwxihqo6n7gxfmzogljlgcm
      rc-notification: 4.6.0_ef5jwxihqo6n7gxfmzogljlgcm
      rc-pagination: 3.1.16_ef5jwxihqo6n7gxfmzogljlgcm
      rc-picker: 2.6.9_ef5jwxihqo6n7gxfmzogljlgcm
      rc-progress: 3.3.3_ef5jwxihqo6n7gxfmzogljlgcm
      rc-rate: 2.9.2_ef5jwxihqo6n7gxfmzogljlgcm
      rc-resize-observer: 1.2.0_ef5jwxihqo6n7gxfmzogljlgcm
      rc-segmented: 2.1.0_ef5jwxihqo6n7gxfmzogljlgcm
      rc-select: 14.1.5_ef5jwxihqo6n7gxfmzogljlgcm
      rc-slider: 10.0.0_ef5jwxihqo6n7gxfmzogljlgcm
      rc-steps: 4.1.4_ef5jwxihqo6n7gxfmzogljlgcm
      rc-switch: 3.2.2_ef5jwxihqo6n7gxfmzogljlgcm
      rc-table: 7.24.2_ef5jwxihqo6n7gxfmzogljlgcm
      rc-tabs: 11.16.0_ef5jwxihqo6n7gxfmzogljlgcm
      rc-textarea: 0.3.7_ef5jwxihqo6n7gxfmzogljlgcm
      rc-tooltip: 5.1.1_ef5jwxihqo6n7gxfmzogljlgcm
      rc-tree: 5.6.5_ef5jwxihqo6n7gxfmzogljlgcm
      rc-tree-select: 5.4.0_ef5jwxihqo6n7gxfmzogljlgcm
      rc-trigger: 5.3.1_ef5jwxihqo6n7gxfmzogljlgcm
      rc-upload: 4.3.4_ef5jwxihqo6n7gxfmzogljlgcm
      rc-util: 5.21.5_ef5jwxihqo6n7gxfmzogljlgcm
      react: 18.1.0
      react-dom: 18.1.0_react@18.1.0
      scroll-into-view-if-needed: 2.2.29
    dev: false

  /array-tree-filter/2.1.0:
    resolution: {integrity: sha1-hzrAD+yDdJ8lWsjdCDgUtPYykZA=}
    dev: false

  /async-validator/4.1.1:
    resolution: {integrity: sha512-p4DO/JXwjs8klJyJL8Q2oM4ks5fUTze/h5k10oPPKMiLe1fj3G1QMzPHNmN1Py4ycOk7WlO2DcGXv1qiESJCZA==}
    dev: false

  /classnames/2.3.1:
    resolution: {integrity: sha1-38+jiR4wbsHa0QXQ6I9EF7hTXo4=}
    dev: false

  /compute-scroll-into-view/1.0.17:
    resolution: {integrity: sha1-aojxis2dQunPS6pr7H4FImB6t6s=}
    dev: false

  /copy-to-clipboard/3.3.1:
    resolution: {integrity: sha1-EVqhqZmP+rYZb5MHatbaO5E2Yq4=}
    dependencies:
      toggle-selection: 1.0.6
    dev: false

  /core-js-pure/3.23.1:
    resolution: {integrity: sha512-3qNgf6TqI3U1uhuSYRzJZGfFd4T+YlbyVPl+jgRiKjdZopvG4keZQwWZDAWpu1UH9nCgTpUzIV3GFawC7cJsqg==}
    requiresBuild: true
    dev: false

  /csstype/3.1.0:
    resolution: {integrity: sha512-uX1KG+x9h5hIJsaKR9xHUeUraxf8IODOwq9JLNPq6BwB04a/xgpq3rcx47l5BZu5zBPlgD342tdke3Hom/nJRA==}
    dev: true

  /date-fns/2.28.0:
    resolution: {integrity: sha512-8d35hViGYx/QH0icHYCeLmsLmMUheMmTyV9Fcm6gvNwdw31yXXH+O85sOBJ+OLnLQMKZowvpKb6FgMIQjcpvQw==}
    engines: {node: '>=0.11'}
    dev: false

  /dayjs/1.11.3:
    resolution: {integrity: sha512-xxwlswWOlGhzgQ4TKzASQkUhqERI3egRNqgV4ScR8wlANA/A9tZ7miXa44vTTKEq5l7vWoL5G57bG3zA+Kow0A==}
    dev: false

  /dom-align/1.12.3:
    resolution: {integrity: sha512-Gj9hZN3a07cbR6zviMUBOMPdWxYhbMI+x+WS0NAIu2zFZmbK8ys9R79g+iG9qLnlCwpFoaB+fKy8Pdv470GsPA==}
    dev: false

  /history/5.3.0:
    resolution: {integrity: sha512-ZqaKwjjrAYUYfLG+htGaIIZ4nioX2L70ZUMIFysS3xvBsSG4x/n1V6TXV3N8ZYNuFGlDirFg32T7B6WOUPDYcQ==}
    dependencies:
      '@babel/runtime': 7.18.3
    dev: false

  /js-tokens/4.0.0:
    resolution: {integrity: sha1-GSA/tZmR35jjoocFDUZHzerzJJk=}
    dev: false

  /json2mq/0.2.0:
    resolution: {integrity: sha1-tje9O6nqvhIsg+lyBIOusQ0skEo=}
    dependencies:
      string-convert: 0.2.1
    dev: false

  /lodash/4.17.21:
    resolution: {integrity: sha1-Z5WRxWTDv/quhFTPCz3zcMPWkRw=}
    dev: false

  /loose-envify/1.4.0:
    resolution: {integrity: sha1-ce5R+nvkyuwaY4OffmgtgTLTDK8=}
    hasBin: true
    dependencies:
      js-tokens: 4.0.0
    dev: false

  /memoize-one/6.0.0:
    resolution: {integrity: sha512-rkpe71W0N0c0Xz6QD0eJETuWAJGnJ9afsl1srmwPrI+yBCkge5EycXXbYRyvL29zZVUWQCY7InPRCv3GDXuZNw==}
    dev: false

  /moment/2.29.3:
    resolution: {integrity: sha512-c6YRvhEo//6T2Jz/vVtYzqBzwvPT95JBQ+smCytzf7c50oMZRsR/a4w88aD34I+/QVSfnoAnSBFPJHItlOMJVw==}
    dev: false

  /rc-align/4.0.12_ef5jwxihqo6n7gxfmzogljlgcm:
    resolution: {integrity: sha512-3DuwSJp8iC/dgHzwreOQl52soj40LchlfUHtgACOUtwGuoFIOVh6n/sCpfqCU8kO5+iz6qR0YKvjgB8iPdE3aQ==}
    peerDependencies:
      react: '>=16.9.0'
      react-dom: '>=16.9.0'
    dependencies:
      '@babel/runtime': 7.18.3
      classnames: 2.3.1
      dom-align: 1.12.3
      lodash: 4.17.21
      rc-util: 5.21.5_ef5jwxihqo6n7gxfmzogljlgcm
      react: 18.1.0
      react-dom: 18.1.0_react@18.1.0
      resize-observer-polyfill: 1.5.1
    dev: false

  /rc-cascader/3.6.0_ef5jwxihqo6n7gxfmzogljlgcm:
    resolution: {integrity: sha512-p9qwt8E8ZICzPIzyfXF5y7/lbJhRowFj8YhWpdytMomHUZ568duFNwA4H5QVqdC6hg/HIV1YEawOE5jlxSpeww==}
    peerDependencies:
      react: '>=16.9.0'
      react-dom: '>=16.9.0'
    dependencies:
      '@babel/runtime': 7.18.3
      array-tree-filter: 2.1.0
      classnames: 2.3.1
      rc-select: 14.1.5_ef5jwxihqo6n7gxfmzogljlgcm
      rc-tree: 5.6.5_ef5jwxihqo6n7gxfmzogljlgcm
      rc-util: 5.21.5_ef5jwxihqo6n7gxfmzogljlgcm
      react: 18.1.0
      react-dom: 18.1.0_react@18.1.0
    dev: false

  /rc-checkbox/2.3.2_ef5jwxihqo6n7gxfmzogljlgcm:
    resolution: {integrity: sha1-+Rs2eMftsrqoEhyUg8Zk+m8K78E=}
    peerDependencies:
      react: '>=16.9.0'
      react-dom: '>=16.9.0'
    dependencies:
      '@babel/runtime': 7.18.3
      classnames: 2.3.1
      react: 18.1.0
      react-dom: 18.1.0_react@18.1.0
    dev: false

  /rc-collapse/3.3.0_ef5jwxihqo6n7gxfmzogljlgcm:
    resolution: {integrity: sha512-nkxjhpYAAwEVbBvZ/qoatLecD0PpRtQ5ja9G+FP1QmsWhs/4VCruhjvRdSpMn9vfluKUnePe3PEy8eeqTeuE0g==}
    peerDependencies:
      react: '>=16.9.0'
      react-dom: '>=16.9.0'
    dependencies:
      '@babel/runtime': 7.18.3
      classnames: 2.3.1
      rc-motion: 2.6.0_ef5jwxihqo6n7gxfmzogljlgcm
      rc-util: 5.21.5_ef5jwxihqo6n7gxfmzogljlgcm
      react: 18.1.0
      react-dom: 18.1.0_react@18.1.0
      shallowequal: 1.1.0
    dev: false

  /rc-dialog/8.8.2_ef5jwxihqo6n7gxfmzogljlgcm:
    resolution: {integrity: sha512-n1waqBDDKqCCcPCDGycahfawF00WqgtXTXUwxrLStUpfQAo7nzkAvTq9voT78X2qN83UYvrMg1TWCuTueBp+sg==}
    peerDependencies:
      react: '>=16.9.0'
      react-dom: '>=16.9.0'
    dependencies:
      '@babel/runtime': 7.18.3
      classnames: 2.3.1
      rc-motion: 2.6.0_ef5jwxihqo6n7gxfmzogljlgcm
      rc-util: 5.21.5_ef5jwxihqo6n7gxfmzogljlgcm
      react: 18.1.0
      react-dom: 18.1.0_react@18.1.0
    dev: false

  /rc-drawer/4.4.3_ef5jwxihqo6n7gxfmzogljlgcm:
    resolution: {integrity: sha512-FYztwRs3uXnFOIf1hLvFxIQP9MiZJA+0w+Os8dfDh/90X7z/HqP/Yg+noLCIeHEbKln1Tqelv8ymCAN24zPcfQ==}
    peerDependencies:
      react: '>=16.9.0'
      react-dom: '>=16.9.0'
    dependencies:
      '@babel/runtime': 7.18.3
      classnames: 2.3.1
      rc-util: 5.21.5_ef5jwxihqo6n7gxfmzogljlgcm
      react: 18.1.0
      react-dom: 18.1.0_react@18.1.0
    dev: false

  /rc-dropdown/4.0.1_ef5jwxihqo6n7gxfmzogljlgcm:
    resolution: {integrity: sha512-OdpXuOcme1rm45cR0Jzgfl1otzmU4vuBVb+etXM8vcaULGokAKVpKlw8p6xzspG7jGd/XxShvq+N3VNEfk/l5g==}
    peerDependencies:
      react: '>=16.11.0'
      react-dom: '>=16.11.0'
    dependencies:
      '@babel/runtime': 7.18.3
      classnames: 2.3.1
      rc-trigger: 5.3.1_ef5jwxihqo6n7gxfmzogljlgcm
      rc-util: 5.21.5_ef5jwxihqo6n7gxfmzogljlgcm
      react: 18.1.0
      react-dom: 18.1.0_react@18.1.0
    dev: false

  /rc-field-form/1.26.7_ef5jwxihqo6n7gxfmzogljlgcm:
    resolution: {integrity: sha512-CIb7Gw+DG9R+g4HxaDGYHhOjhjQoU2mGU4y+UM2+KQ3uRz9HrrNgTspGvNynn3UamsYcYcaPWZJmiJ6VklkT/w==}
    engines: {node: '>=8.x'}
    peerDependencies:
      react: '>=16.9.0'
      react-dom: '>=16.9.0'
    dependencies:
      '@babel/runtime': 7.18.3
      async-validator: 4.1.1
      rc-util: 5.21.5_ef5jwxihqo6n7gxfmzogljlgcm
      react: 18.1.0
      react-dom: 18.1.0_react@18.1.0
    dev: false

  /rc-image/5.6.2_ef5jwxihqo6n7gxfmzogljlgcm:
    resolution: {integrity: sha512-qhKOVvivCZkd6CrzS/4ST2+Auu16mtPSFVqVzwE7sELWfuvzcLGTzGv8UsVvm6qRNIz6SeaueUetqi4Ii16XQA==}
    peerDependencies:
      react: '>=16.9.0'
      react-dom: '>=16.9.0'
    dependencies:
      '@babel/runtime': 7.18.3
      classnames: 2.3.1
      rc-dialog: 8.8.2_ef5jwxihqo6n7gxfmzogljlgcm
      rc-util: 5.21.5_ef5jwxihqo6n7gxfmzogljlgcm
      react: 18.1.0
      react-dom: 18.1.0_react@18.1.0
    dev: false

  /rc-input-number/7.3.4_ef5jwxihqo6n7gxfmzogljlgcm:
    resolution: {integrity: sha512-W9uqSzuvJUnz8H8vsVY4kx+yK51SsAxNTwr8SNH4G3XqQNocLVmKIibKFRjocnYX1RDHMND9FFbgj2h7E7nvGA==}
    peerDependencies:
      react: '>=16.9.0'
      react-dom: '>=16.9.0'
    dependencies:
      '@babel/runtime': 7.18.3
      classnames: 2.3.1
      rc-util: 5.21.5_ef5jwxihqo6n7gxfmzogljlgcm
      react: 18.1.0
      react-dom: 18.1.0_react@18.1.0
    dev: false

  /rc-input/0.0.1-alpha.7_ef5jwxihqo6n7gxfmzogljlgcm:
    resolution: {integrity: sha512-eozaqpCYWSY5LBMwlHgC01GArkVEP+XlJ84OMvdkwUnJBSv83Yxa15pZpn7vACAj84uDC4xOA2CoFdbLuqB08Q==}
    peerDependencies:
      react: '>=16.0.0'
      react-dom: '>=16.0.0'
    dependencies:
      '@babel/runtime': 7.18.3
      classnames: 2.3.1
      rc-util: 5.21.5_ef5jwxihqo6n7gxfmzogljlgcm
      react: 18.1.0
      react-dom: 18.1.0_react@18.1.0
    dev: false

  /rc-mentions/1.8.0_ef5jwxihqo6n7gxfmzogljlgcm:
    resolution: {integrity: sha512-ch7yfMMvx2UXy+EvE4axm0Vp6VlVZ30WLrZtLtV/Eb1ty7rQQRzNzCwAHAMyw6tNKTMs9t9sF68AVjAzQ0rvJw==}
    peerDependencies:
      react: '>=16.9.0'
      react-dom: '>=16.9.0'
    dependencies:
      '@babel/runtime': 7.18.3
      classnames: 2.3.1
      rc-menu: 9.6.0_ef5jwxihqo6n7gxfmzogljlgcm
      rc-textarea: 0.3.7_ef5jwxihqo6n7gxfmzogljlgcm
      rc-trigger: 5.3.1_ef5jwxihqo6n7gxfmzogljlgcm
      rc-util: 5.21.5_ef5jwxihqo6n7gxfmzogljlgcm
      react: 18.1.0
      react-dom: 18.1.0_react@18.1.0
    dev: false

  /rc-menu/9.6.0_ef5jwxihqo6n7gxfmzogljlgcm:
    resolution: {integrity: sha512-d26waws42U/rVwW/+rOE2FN9pX6wUc9bDy38vVQYoie6gE85auWIpl5oChGlnW6nE2epnTwUsgWl8ipOPgmnUA==}
    peerDependencies:
      react: '>=16.9.0'
      react-dom: '>=16.9.0'
    dependencies:
      '@babel/runtime': 7.18.3
      classnames: 2.3.1
      rc-motion: 2.6.0_ef5jwxihqo6n7gxfmzogljlgcm
      rc-overflow: 1.2.6_ef5jwxihqo6n7gxfmzogljlgcm
      rc-trigger: 5.3.1_ef5jwxihqo6n7gxfmzogljlgcm
      rc-util: 5.21.5_ef5jwxihqo6n7gxfmzogljlgcm
      react: 18.1.0
      react-dom: 18.1.0_react@18.1.0
      shallowequal: 1.1.0
    dev: false

  /rc-motion/2.6.0_ef5jwxihqo6n7gxfmzogljlgcm:
    resolution: {integrity: sha512-1MDWA9+i174CZ0SIDenSYm2Wb9YbRkrexjZWR0CUFu7D6f23E8Y0KsTgk9NGOLJsGak5ELZK/Y5lOlf5wQdzbw==}
    peerDependencies:
      react: '>=16.9.0'
      react-dom: '>=16.9.0'
    dependencies:
      '@babel/runtime': 7.18.3
      classnames: 2.3.1
      rc-util: 5.21.5_ef5jwxihqo6n7gxfmzogljlgcm
      react: 18.1.0
      react-dom: 18.1.0_react@18.1.0
    dev: false

  /rc-notification/4.6.0_ef5jwxihqo6n7gxfmzogljlgcm:
    resolution: {integrity: sha512-xF3MKgIoynzjQAO4lqsoraiFo3UXNYlBfpHs0VWvwF+4pimen9/H1DYLN2mfRWhHovW6gRpla73m2nmyIqAMZQ==}
    engines: {node: '>=8.x'}
    peerDependencies:
      react: '>=16.9.0'
      react-dom: '>=16.9.0'
    dependencies:
      '@babel/runtime': 7.18.3
      classnames: 2.3.1
      rc-motion: 2.6.0_ef5jwxihqo6n7gxfmzogljlgcm
      rc-util: 5.21.5_ef5jwxihqo6n7gxfmzogljlgcm
      react: 18.1.0
      react-dom: 18.1.0_react@18.1.0
    dev: false

  /rc-overflow/1.2.6_ef5jwxihqo6n7gxfmzogljlgcm:
    resolution: {integrity: sha512-YqbocgzuQxfq2wZy72vdAgrgzzEuM/5d4gF9TBEodCpXPbUeXGrUXNm1J6G1MSkCU2N0ePIgCEu5qD/0Ldi63Q==}
    peerDependencies:
      react: '>=16.9.0'
      react-dom: '>=16.9.0'
    dependencies:
      '@babel/runtime': 7.18.3
      classnames: 2.3.1
      rc-resize-observer: 1.2.0_ef5jwxihqo6n7gxfmzogljlgcm
      rc-util: 5.21.5_ef5jwxihqo6n7gxfmzogljlgcm
      react: 18.1.0
      react-dom: 18.1.0_react@18.1.0
    dev: false

  /rc-pagination/3.1.16_ef5jwxihqo6n7gxfmzogljlgcm:
    resolution: {integrity: sha512-GFcHXJ7XxeJDf9B+ndP4PRDt46maSSgYhiwofBMiIGKIlBhJ0wfu8DMCEvaWJJLpI2u4Gb6zF1dHpiqPFrosPg==}
    peerDependencies:
      react: '>=16.9.0'
      react-dom: '>=16.9.0'
    dependencies:
      '@babel/runtime': 7.18.3
      classnames: 2.3.1
      react: 18.1.0
      react-dom: 18.1.0_react@18.1.0
    dev: false

  /rc-picker/2.6.9_ef5jwxihqo6n7gxfmzogljlgcm:
    resolution: {integrity: sha512-yH3UYXCADf7REtOAB5cwe1cyFKtB0p204RCN8JdZGG4uuSOZ1IPTkk/GJS6HOpxspZeJCLGzzajuQMDwck9dsw==}
    engines: {node: '>=8.x'}
    peerDependencies:
      react: '>=16.9.0'
      react-dom: '>=16.9.0'
    dependencies:
      '@babel/runtime': 7.18.3
      classnames: 2.3.1
      date-fns: 2.28.0
      dayjs: 1.11.3
      moment: 2.29.3
      rc-trigger: 5.3.1_ef5jwxihqo6n7gxfmzogljlgcm
      rc-util: 5.21.5_ef5jwxihqo6n7gxfmzogljlgcm
      react: 18.1.0
      react-dom: 18.1.0_react@18.1.0
      shallowequal: 1.1.0
    dev: false

  /rc-progress/3.3.3_ef5jwxihqo6n7gxfmzogljlgcm:
    resolution: {integrity: sha512-MDVNVHzGanYtRy2KKraEaWeZLri2ZHWIRyaE1a9MQ2MuJ09m+Wxj5cfcaoaR6z5iRpHpA59YeUxAlpML8N4PJw==}
    peerDependencies:
      react: '>=16.9.0'
      react-dom: '>=16.9.0'
    dependencies:
      '@babel/runtime': 7.18.3
      classnames: 2.3.1
      rc-util: 5.21.5_ef5jwxihqo6n7gxfmzogljlgcm
      react: 18.1.0
      react-dom: 18.1.0_react@18.1.0
    dev: false

  /rc-rate/2.9.2_ef5jwxihqo6n7gxfmzogljlgcm:
    resolution: {integrity: sha512-SaiZFyN8pe0Fgphv8t3+kidlej+cq/EALkAJAc3A0w0XcPaH2L1aggM8bhe1u6GAGuQNAoFvTLjw4qLPGRKV5g==}
    engines: {node: '>=8.x'}
    peerDependencies:
      react: '>=16.9.0'
      react-dom: '>=16.9.0'
    dependencies:
      '@babel/runtime': 7.18.3
      classnames: 2.3.1
      rc-util: 5.21.5_ef5jwxihqo6n7gxfmzogljlgcm
      react: 18.1.0
      react-dom: 18.1.0_react@18.1.0
    dev: false

  /rc-resize-observer/1.2.0_ef5jwxihqo6n7gxfmzogljlgcm:
    resolution: {integrity: sha512-6W+UzT3PyDM0wVCEHfoW3qTHPTvbdSgiA43buiy8PzmeMnfgnDeb9NjdimMXMl3/TcrvvWl5RRVdp+NqcR47pQ==}
    peerDependencies:
      react: '>=16.9.0'
      react-dom: '>=16.9.0'
    dependencies:
      '@babel/runtime': 7.18.3
      classnames: 2.3.1
      rc-util: 5.21.5_ef5jwxihqo6n7gxfmzogljlgcm
      react: 18.1.0
      react-dom: 18.1.0_react@18.1.0
      resize-observer-polyfill: 1.5.1
    dev: false

  /rc-segmented/2.1.0_ef5jwxihqo6n7gxfmzogljlgcm:
    resolution: {integrity: sha512-hUlonro+pYoZcwrH6Vm56B2ftLfQh046hrwif/VwLIw1j3zGt52p5mREBwmeVzXnSwgnagpOpfafspzs1asjGw==}
    peerDependencies:
      react: '>=16.0.0'
      react-dom: '>=16.0.0'
    dependencies:
      '@babel/runtime': 7.18.3
      classnames: 2.3.1
      rc-motion: 2.6.0_ef5jwxihqo6n7gxfmzogljlgcm
      rc-util: 5.21.5_ef5jwxihqo6n7gxfmzogljlgcm
      react: 18.1.0
      react-dom: 18.1.0_react@18.1.0
    dev: false

  /rc-select/14.1.5_ef5jwxihqo6n7gxfmzogljlgcm:
    resolution: {integrity: sha512-CvcmylICKSrPWCJMgGiHqozVhco9kJpQSj/x5wqLN9JStpDFD1oMNYiJYfkMjQ1LxZkN/eZpL1D2KUXJhXd8rw==}
    engines: {node: '>=8.x'}
    peerDependencies:
      react: '*'
      react-dom: '*'
    dependencies:
      '@babel/runtime': 7.18.3
      classnames: 2.3.1
      rc-motion: 2.6.0_ef5jwxihqo6n7gxfmzogljlgcm
      rc-overflow: 1.2.6_ef5jwxihqo6n7gxfmzogljlgcm
      rc-trigger: 5.3.1_ef5jwxihqo6n7gxfmzogljlgcm
      rc-util: 5.21.5_ef5jwxihqo6n7gxfmzogljlgcm
      rc-virtual-list: 3.4.8_ef5jwxihqo6n7gxfmzogljlgcm
      react: 18.1.0
      react-dom: 18.1.0_react@18.1.0
    dev: false

  /rc-slider/10.0.0_ef5jwxihqo6n7gxfmzogljlgcm:
    resolution: {integrity: sha512-Bk54UIKWW4wyhHcL8ehAxt+wX+n69dscnHTX6Uv0FMxSke/TGrlkZz1LSIWblCpfE2zr/dwR2Ca8nZGk3U+Tbg==}
    engines: {node: '>=8.x'}
    peerDependencies:
      react: '>=16.9.0'
      react-dom: '>=16.9.0'
    dependencies:
      '@babel/runtime': 7.18.3
      classnames: 2.3.1
      rc-tooltip: 5.1.1_ef5jwxihqo6n7gxfmzogljlgcm
      rc-util: 5.21.5_ef5jwxihqo6n7gxfmzogljlgcm
      react: 18.1.0
      react-dom: 18.1.0_react@18.1.0
      shallowequal: 1.1.0
    dev: false

  /rc-steps/4.1.4_ef5jwxihqo6n7gxfmzogljlgcm:
    resolution: {integrity: sha512-qoCqKZWSpkh/b03ASGx1WhpKnuZcRWmvuW+ZUu4mvMdfvFzVxblTwUM+9aBd0mlEUFmt6GW8FXhMpHkK3Uzp3w==}
    engines: {node: '>=8.x'}
    peerDependencies:
      react: '>=16.9.0'
      react-dom: '>=16.9.0'
    dependencies:
      '@babel/runtime': 7.18.3
      classnames: 2.3.1
      rc-util: 5.21.5_ef5jwxihqo6n7gxfmzogljlgcm
      react: 18.1.0
      react-dom: 18.1.0_react@18.1.0
    dev: false

  /rc-switch/3.2.2_ef5jwxihqo6n7gxfmzogljlgcm:
    resolution: {integrity: sha1-0AH3fxJmTVJZW09vtCXdnmb7qOg=}
    peerDependencies:
      react: '>=16.9.0'
      react-dom: '>=16.9.0'
    dependencies:
      '@babel/runtime': 7.18.3
      classnames: 2.3.1
      rc-util: 5.21.5_ef5jwxihqo6n7gxfmzogljlgcm
      react: 18.1.0
      react-dom: 18.1.0_react@18.1.0
    dev: false

  /rc-table/7.24.2_ef5jwxihqo6n7gxfmzogljlgcm:
    resolution: {integrity: sha512-yefqhtc4V3BeWG2bnDhWYxWX1MOckvW2KU1J55pntZmIGrov5Hx8tQn2gcs6OM0fJ6NgEwUvVEknsCsWI24zUg==}
    engines: {node: '>=8.x'}
    peerDependencies:
      react: '>=16.9.0'
      react-dom: '>=16.9.0'
    dependencies:
      '@babel/runtime': 7.18.3
      classnames: 2.3.1
      rc-resize-observer: 1.2.0_ef5jwxihqo6n7gxfmzogljlgcm
      rc-util: 5.21.5_ef5jwxihqo6n7gxfmzogljlgcm
      react: 18.1.0
      react-dom: 18.1.0_react@18.1.0
      shallowequal: 1.1.0
    dev: false

  /rc-tabs/11.16.0_ef5jwxihqo6n7gxfmzogljlgcm:
    resolution: {integrity: sha512-CIDPv3lHaXSHTJevmFP2eHoD3Hq9psfKbOZYf6D4FYPACloNGHpz44y3RGeJgataQ7omFLrGBm3dOBMUki87tA==}
    engines: {node: '>=8.x'}
    peerDependencies:
      react: '>=16.9.0'
      react-dom: '>=16.9.0'
    dependencies:
      '@babel/runtime': 7.18.3
      classnames: 2.3.1
      rc-dropdown: 4.0.1_ef5jwxihqo6n7gxfmzogljlgcm
      rc-menu: 9.6.0_ef5jwxihqo6n7gxfmzogljlgcm
      rc-resize-observer: 1.2.0_ef5jwxihqo6n7gxfmzogljlgcm
      rc-util: 5.21.5_ef5jwxihqo6n7gxfmzogljlgcm
      react: 18.1.0
      react-dom: 18.1.0_react@18.1.0
    dev: false

  /rc-textarea/0.3.7_ef5jwxihqo6n7gxfmzogljlgcm:
    resolution: {integrity: sha512-yCdZ6binKmAQB13hc/oehh0E/QRwoPP1pjF21aHBxlgXO3RzPF6dUu4LG2R4FZ1zx/fQd2L1faktulrXOM/2rw==}
    peerDependencies:
      react: '>=16.9.0'
      react-dom: '>=16.9.0'
    dependencies:
      '@babel/runtime': 7.18.3
      classnames: 2.3.1
      rc-resize-observer: 1.2.0_ef5jwxihqo6n7gxfmzogljlgcm
      rc-util: 5.21.5_ef5jwxihqo6n7gxfmzogljlgcm
      react: 18.1.0
      react-dom: 18.1.0_react@18.1.0
      shallowequal: 1.1.0
    dev: false

  /rc-tooltip/5.1.1_ef5jwxihqo6n7gxfmzogljlgcm:
    resolution: {integrity: sha1-lBeO0WLQJSvEmTtyX13CrA/M8VQ=}
    peerDependencies:
      react: '>=16.9.0'
      react-dom: '>=16.9.0'
    dependencies:
      '@babel/runtime': 7.18.3
      rc-trigger: 5.3.1_ef5jwxihqo6n7gxfmzogljlgcm
      react: 18.1.0
      react-dom: 18.1.0_react@18.1.0
    dev: false

  /rc-tree-select/5.4.0_ef5jwxihqo6n7gxfmzogljlgcm:
    resolution: {integrity: sha512-reRbOqC7Ic/nQocJAJeCl4n6nJUY3NoqiwRXKvhjgZJU7NGr9vIccXEsY+Lghkw5UMpPoxGsIJB0jiAvM18XYA==}
    peerDependencies:
      react: '*'
      react-dom: '*'
    dependencies:
      '@babel/runtime': 7.18.3
      classnames: 2.3.1
      rc-select: 14.1.5_ef5jwxihqo6n7gxfmzogljlgcm
      rc-tree: 5.6.5_ef5jwxihqo6n7gxfmzogljlgcm
      rc-util: 5.21.5_ef5jwxihqo6n7gxfmzogljlgcm
      react: 18.1.0
      react-dom: 18.1.0_react@18.1.0
    dev: false

  /rc-tree/5.6.5_ef5jwxihqo6n7gxfmzogljlgcm:
    resolution: {integrity: sha512-Bnyen46B251APyRZ9D/jYeTnSqbSEvK2AkU5B4vWkNYgUJNPrxO+VMgcDRedP/8N7YcsgdDT9hxqVvNOq7oCAQ==}
    engines: {node: '>=10.x'}
    peerDependencies:
      react: '*'
      react-dom: '*'
    dependencies:
      '@babel/runtime': 7.18.3
      classnames: 2.3.1
      rc-motion: 2.6.0_ef5jwxihqo6n7gxfmzogljlgcm
      rc-util: 5.21.5_ef5jwxihqo6n7gxfmzogljlgcm
      rc-virtual-list: 3.4.8_ef5jwxihqo6n7gxfmzogljlgcm
      react: 18.1.0
      react-dom: 18.1.0_react@18.1.0
    dev: false

  /rc-trigger/5.3.1_ef5jwxihqo6n7gxfmzogljlgcm:
    resolution: {integrity: sha512-5gaFbDkYSefZ14j2AdzucXzlWgU2ri5uEjkHvsf1ynRhdJbKxNOnw4PBZ9+FVULNGFiDzzlVF8RJnR9P/xrnKQ==}
    engines: {node: '>=8.x'}
    peerDependencies:
      react: '>=16.9.0'
      react-dom: '>=16.9.0'
    dependencies:
      '@babel/runtime': 7.18.3
      classnames: 2.3.1
      rc-align: 4.0.12_ef5jwxihqo6n7gxfmzogljlgcm
      rc-motion: 2.6.0_ef5jwxihqo6n7gxfmzogljlgcm
      rc-util: 5.21.5_ef5jwxihqo6n7gxfmzogljlgcm
      react: 18.1.0
      react-dom: 18.1.0_react@18.1.0
    dev: false

  /rc-upload/4.3.4_ef5jwxihqo6n7gxfmzogljlgcm:
    resolution: {integrity: sha512-uVbtHFGNjHG/RyAfm9fluXB6pvArAGyAx8z7XzXXyorEgVIWj6mOlriuDm0XowDHYz4ycNK0nE0oP3cbFnzxiQ==}
    peerDependencies:
      react: '>=16.9.0'
      react-dom: '>=16.9.0'
    dependencies:
      '@babel/runtime': 7.18.3
      classnames: 2.3.1
      rc-util: 5.21.5_ef5jwxihqo6n7gxfmzogljlgcm
      react: 18.1.0
      react-dom: 18.1.0_react@18.1.0
    dev: false

  /rc-util/5.21.5_ef5jwxihqo6n7gxfmzogljlgcm:
    resolution: {integrity: sha512-ip7HqX37Cy/RDl9MlrFp+FbcKnsWZ22sF5MS5eSpYLtg5MpC0TMqGb5ukBatoOhgjnLL+eJGR6e7YAJ/dhK09A==}
    peerDependencies:
      react: '>=16.9.0'
      react-dom: '>=16.9.0'
    dependencies:
      '@babel/runtime': 7.18.3
      react: 18.1.0
      react-dom: 18.1.0_react@18.1.0
      react-is: 16.13.1
      shallowequal: 1.1.0
    dev: false

  /rc-virtual-list/3.4.8_ef5jwxihqo6n7gxfmzogljlgcm:
    resolution: {integrity: sha512-qSN+Rv4i/E7RCTvTMr1uZo7f3crJJg/5DekoCagydo9zsXrxj07zsFSxqizqW+ldGA16lwa8So/bIbV9Ofjddg==}
    engines: {node: '>=8.x'}
    peerDependencies:
      react: '*'
      react-dom: '*'
    dependencies:
      classnames: 2.3.1
      rc-resize-observer: 1.2.0_ef5jwxihqo6n7gxfmzogljlgcm
      rc-util: 5.21.5_ef5jwxihqo6n7gxfmzogljlgcm
      react: 18.1.0
      react-dom: 18.1.0_react@18.1.0
    dev: false

  /react-dom/18.1.0_react@18.1.0:
    resolution: {integrity: sha512-fU1Txz7Budmvamp7bshe4Zi32d0ll7ect+ccxNu9FlObT605GOEB8BfO4tmRJ39R5Zj831VCpvQ05QPBW5yb+w==}
    peerDependencies:
      react: ^18.1.0
    dependencies:
      loose-envify: 1.4.0
      react: 18.1.0
      scheduler: 0.22.0
    dev: false

  /react-is/16.13.1:
    resolution: {integrity: sha1-eJcppNw23imZ3BVt1sHZwYzqVqQ=}
    dev: false

  /react-router-dom/6.3.0_ef5jwxihqo6n7gxfmzogljlgcm:
    resolution: {integrity: sha512-uaJj7LKytRxZNQV8+RbzJWnJ8K2nPsOOEuX7aQstlMZKQT0164C+X2w6bnkqU3sjtLvpd5ojrezAyfZ1+0sStw==}
    peerDependencies:
      react: '>=16.8'
      react-dom: '>=16.8'
    dependencies:
      history: 5.3.0
      react: 18.1.0
      react-dom: 18.1.0_react@18.1.0
      react-router: 6.3.0_react@18.1.0
    dev: false

  /react-router/6.3.0_react@18.1.0:
    resolution: {integrity: sha512-7Wh1DzVQ+tlFjkeo+ujvjSqSJmkt1+8JO+T5xklPlgrh70y7ogx75ODRW0ThWhY7S+6yEDks8TYrtQe/aoboBQ==}
    peerDependencies:
      react: '>=16.8'
    dependencies:
      history: 5.3.0
      react: 18.1.0
    dev: false

  /react/18.1.0:
    resolution: {integrity: sha512-4oL8ivCz5ZEPyclFQXaNksK3adutVS8l2xzZU0cqEFrE9Sb7fC0EFK5uEk74wIreL1DERyjvsU915j1pcT2uEQ==}
    engines: {node: '>=0.10.0'}
    dependencies:
      loose-envify: 1.4.0
    dev: false

  /regenerator-runtime/0.13.9:
    resolution: {integrity: sha512-p3VT+cOEgxFsRRA9X4lkI1E+k2/CtnKtU4gcxyaCUreilL/vqI6CdZ3wxVUx3UOUg+gnUOQQcRI7BmSI656MYA==}
    dev: false

  /resize-observer-polyfill/1.5.1:
    resolution: {integrity: sha1-DpAg3T0hAkRY1OvSfiPkAmmBBGQ=}
    dev: false

  /scheduler/0.22.0:
    resolution: {integrity: sha512-6QAm1BgQI88NPYymgGQLCZgvep4FyePDWFpXVK+zNSUgHwlqpJy8VEh8Et0KxTACS4VWwMousBElAZOH9nkkoQ==}
    dependencies:
      loose-envify: 1.4.0
    dev: false

  /scroll-into-view-if-needed/2.2.29:
    resolution: {integrity: sha512-hxpAR6AN+Gh53AdAimHM6C8oTN1ppwVZITihix+WqalywBeFcQ6LdQP5ABNl26nX8GTEL7VT+b8lKpdqq65wXg==}
    dependencies:
      compute-scroll-into-view: 1.0.17
    dev: false

  /shallowequal/1.1.0:
    resolution: {integrity: sha1-GI1SHelbkIdAT9TctosT3wrk5/g=}
    dev: false

  /string-convert/0.2.1:
    resolution: {integrity: sha1-aYLMMEn7tM2F+LJFaLnZvznu/5c=}
    dev: false

  /toggle-selection/1.0.6:
    resolution: {integrity: sha1-bkWxJj8gF/oKzH2J14sVuL932jI=}
    dev: false
